
Microsoft Visual Studio Solution File, Format Version 12.00
# Visual Studio Version 17
VisualStudioVersion = 17.11.35312.102
MinimumVisualStudioVersion = 10.0.40219.1
Project("{FAE04EC0-301F-11D3-BF4B-00C04F79EFBC}") = "ConsoleApp1", "ConsoleApp1\ConsoleApp1.csproj", "{C56E5E2F-41F1-4FB0-A421-336FAEA16E04}"
EndProject
Global
	GlobalSection(SolutionConfigurationPlatforms) = preSolution
		Debug|Any CPU = Debug|Any CPU
		Release|Any CPU = Release|Any CPU
	EndGlobalSection
	GlobalSection(ProjectConfigurationPlatforms) = postSolution
		{C56E5E2F-41F1-4FB0-A421-336FAEA16E04}.Debug|Any CPU.ActiveCfg = Debug|Any CPU
		{C56E5E2F-41F1-4FB0-A421-336FAEA16E04}.Debug|Any CPU.Build.0 = Debug|Any CPU
		{C56E5E2F-41F1-4FB0-A421-336FAEA16E04}.Release|Any CPU.ActiveCfg = Release|Any CPU
		{C56E5E2F-41F1-4FB0-A421-336FAEA16E04}.Release|Any CPU.Build.0 = Release|Any CPU
	EndGlobalSection
	GlobalSection(SolutionProperties) = preSolution
		HideSolutionNode = FALSE
	EndGlobalSection
	GlobalSection(ExtensibilityGlobals) = postSolution
		SolutionGuid = {54D26119-73F0-4031-9FF4-73D4DEA01F3E}
	EndGlobalSection
EndGlobal
